# THIS IS AN AUTOGENERATED FILE. DO NOT EDIT THIS FILE DIRECTLY.
# yarn lockfile v1


tiddlywiki@5.2.2:
  version "5.2.2"
  resolved "https://registry.npmmirror.com/tiddlywiki/-/tiddlywiki-5.2.2.tgz#a51f3d3bfcc6ebc00e2baebcd11569c712d5e78f"
  integrity sha512-xAY30p06CI6oFvebL/BnPtM9rbYRG14AVbpEfTvCHjpGutYsn6XBOogbhqnAxncmifFK3CaBGfiaqPNGi6rxGQ==
